{
  "version": "3",
  "packages": {
    "specifiers": {
      "jsr:@std/assert@0.220.1": "jsr:@std/assert@0.220.1",
      "jsr:@std/fmt@^0.220.1": "jsr:@std/fmt@0.220.1",
      "jsr:@std/http@0.220.1": "jsr:@std/http@0.220.1",
      "jsr:@std/streams@0.220.1": "jsr:@std/streams@0.220.1"
    },
    "jsr": {
      "@std/assert@0.220.1": {
        "integrity": "88710d54f3afdd7a5761e7805abba1f56cd14e4b212feffeb3e73a9f77482425",
        "dependencies": [
          "jsr:@std/fmt@^0.220.1"
        ]
      },
      "@std/fmt@0.220.1": {
        "integrity": "3b1a698477a26b1dacbbee26db1a65030a005c6d71db3b3a0e59f8a638f04d7a"
      },
      "@std/http@0.220.1": {
        "integrity": "1672a8d31f3e0ccf1c55221907daba4a22f3760cf2d079afb26def2dcfd0513b"
      },
      "@std/streams@0.220.1": {
        "integrity": "f26c7cb98c471af89de8309a0246cccb4c9bb6f3c639bd84aee5488127dc8545"
      }
    }
  },
  "remote": {},
  "workspace": {
    "dependencies": [
      "jsr:@deno/dnt@^0.41.0",
      "jsr:@std/assert@0.220.1",
      "jsr:@std/http@0.220.1",
      "jsr:@std/path@0.220.1",
      "jsr:@std/streams@0.220.1"
    ]
  }
}
